{
  "name": "archsense-mono",
  "lockfileVersion": 2,
  "requires": true,
  "packages": {
    "": {
      "dependencies": {
        "madr": "^3.0.0"
      }
    },
    "node_modules/madr": {
      "version": "3.0.0",
      "resolved": "https://registry.npmjs.org/madr/-/madr-3.0.0.tgz",
      "integrity": "sha512-gb4ML7LGDARy2EY0WT5rxCUJcXvColIbNCeyoxcj3s/p1qdbpD3UsZrC7hkFkwOBukwnzx87Cu81HwTLvisTZg=="
    }
  },
  "dependencies": {
    "madr": {
      "version": "3.0.0",
      "resolved": "https://registry.npmjs.org/madr/-/madr-3.0.0.tgz",
      "integrity": "sha512-gb4ML7LGDARy2EY0WT5rxCUJcXvColIbNCeyoxcj3s/p1qdbpD3UsZrC7hkFkwOBukwnzx87Cu81HwTLvisTZg=="
    }
  }
}
